
Microsoft Visual Studio Solution File, Format Version 12.00
Project("{FAE04EC0-301F-11D3-BF4B-00C04F79EFBC}") = "SerializeLib", "SerializeLib\SerializeLib.csproj", "{7376E38A-4C5E-4412-9CE6-6CFA131DBC0F}"
EndProject
Project("{FAE04EC0-301F-11D3-BF4B-00C04F79EFBC}") = "SerializeLibTest", "SerializeLibTest\SerializeLibTest.csproj", "{A73A729D-6F34-467A-A28D-940748B7BBF9}"
EndProject
Global
	GlobalSection(SolutionConfigurationPlatforms) = preSolution
		Debug|Any CPU = Debug|Any CPU
		Release|Any CPU = Release|Any CPU
	EndGlobalSection
	GlobalSection(ProjectConfigurationPlatforms) = postSolution
		{7376E38A-4C5E-4412-9CE6-6CFA131DBC0F}.Debug|Any CPU.ActiveCfg = Debug|Any CPU
		{7376E38A-4C5E-4412-9CE6-6CFA131DBC0F}.Debug|Any CPU.Build.0 = Debug|Any CPU
		{7376E38A-4C5E-4412-9CE6-6CFA131DBC0F}.Release|Any CPU.ActiveCfg = Release|Any CPU
		{7376E38A-4C5E-4412-9CE6-6CFA131DBC0F}.Release|Any CPU.Build.0 = Release|Any CPU
		{A73A729D-6F34-467A-A28D-940748B7BBF9}.Debug|Any CPU.ActiveCfg = Debug|Any CPU
		{A73A729D-6F34-467A-A28D-940748B7BBF9}.Debug|Any CPU.Build.0 = Debug|Any CPU
		{A73A729D-6F34-467A-A28D-940748B7BBF9}.Release|Any CPU.ActiveCfg = Release|Any CPU
		{A73A729D-6F34-467A-A28D-940748B7BBF9}.Release|Any CPU.Build.0 = Release|Any CPU
	EndGlobalSection
EndGlobal
